
Microsoft Visual Studio Solution File, Format Version 12.00
# Visual Studio 2012
Project("{FAE04EC0-301F-11D3-BF4B-00C04F79EFBC}") = "Cinephile", "Cinephile\Cinephile.csproj", "{621C1C8B-7F7B-48CB-A0E0-A29D6E1C388F}"
EndProject
Project("{FAE04EC0-301F-11D3-BF4B-00C04F79EFBC}") = "Cinephile.iOS", "iOS\Cinephile.iOS.csproj", "{B9144220-0AEF-44C9-B0A0-C4FFF74AE441}"
EndProject
Project("{FAE04EC0-301F-11D3-BF4B-00C04F79EFBC}") = "Cinephile.Droid", "Droid\Cinephile.Droid.csproj", "{46576CC2-AEA8-4A41-89C2-7E035413AA8C}"
EndProject
Global
	GlobalSection(SolutionConfigurationPlatforms) = preSolution
		Debug|Any CPU = Debug|Any CPU
		Release|Any CPU = Release|Any CPU
		Debug|iPhoneSimulator = Debug|iPhoneSimulator
		Release|iPhone = Release|iPhone
		Release|iPhoneSimulator = Release|iPhoneSimulator
		Debug|iPhone = Debug|iPhone
	EndGlobalSection
	GlobalSection(ProjectConfigurationPlatforms) = postSolution
		{621C1C8B-7F7B-48CB-A0E0-A29D6E1C388F}.Debug|Any CPU.ActiveCfg = Debug|Any CPU
		{621C1C8B-7F7B-48CB-A0E0-A29D6E1C388F}.Debug|Any CPU.Build.0 = Debug|Any CPU
		{621C1C8B-7F7B-48CB-A0E0-A29D6E1C388F}.Release|Any CPU.ActiveCfg = Release|Any CPU
		{621C1C8B-7F7B-48CB-A0E0-A29D6E1C388F}.Release|Any CPU.Build.0 = Release|Any CPU
		{621C1C8B-7F7B-48CB-A0E0-A29D6E1C388F}.Debug|iPhoneSimulator.ActiveCfg = Debug|Any CPU
		{621C1C8B-7F7B-48CB-A0E0-A29D6E1C388F}.Debug|iPhoneSimulator.Build.0 = Debug|Any CPU
		{621C1C8B-7F7B-48CB-A0E0-A29D6E1C388F}.Release|iPhone.ActiveCfg = Release|Any CPU
		{621C1C8B-7F7B-48CB-A0E0-A29D6E1C388F}.Release|iPhone.Build.0 = Release|Any CPU
		{621C1C8B-7F7B-48CB-A0E0-A29D6E1C388F}.Release|iPhoneSimulator.ActiveCfg = Release|Any CPU
		{621C1C8B-7F7B-48CB-A0E0-A29D6E1C388F}.Release|iPhoneSimulator.Build.0 = Release|Any CPU
		{621C1C8B-7F7B-48CB-A0E0-A29D6E1C388F}.Debug|iPhone.ActiveCfg = Debug|Any CPU
		{621C1C8B-7F7B-48CB-A0E0-A29D6E1C388F}.Debug|iPhone.Build.0 = Debug|Any CPU
		{B9144220-0AEF-44C9-B0A0-C4FFF74AE441}.Debug|Any CPU.ActiveCfg = Debug|iPhoneSimulator
		{B9144220-0AEF-44C9-B0A0-C4FFF74AE441}.Debug|Any CPU.Build.0 = Debug|iPhoneSimulator
		{B9144220-0AEF-44C9-B0A0-C4FFF74AE441}.Release|Any CPU.ActiveCfg = Release|iPhone
		{B9144220-0AEF-44C9-B0A0-C4FFF74AE441}.Release|Any CPU.Build.0 = Release|iPhone
		{B9144220-0AEF-44C9-B0A0-C4FFF74AE441}.Debug|iPhoneSimulator.ActiveCfg = Debug|iPhoneSimulator
		{B9144220-0AEF-44C9-B0A0-C4FFF74AE441}.Debug|iPhoneSimulator.Build.0 = Debug|iPhoneSimulator
		{B9144220-0AEF-44C9-B0A0-C4FFF74AE441}.Release|iPhone.ActiveCfg = Release|iPhone
		{B9144220-0AEF-44C9-B0A0-C4FFF74AE441}.Release|iPhone.Build.0 = Release|iPhone
		{B9144220-0AEF-44C9-B0A0-C4FFF74AE441}.Release|iPhoneSimulator.ActiveCfg = Release|iPhoneSimulator
		{B9144220-0AEF-44C9-B0A0-C4FFF74AE441}.Release|iPhoneSimulator.Build.0 = Release|iPhoneSimulator
		{B9144220-0AEF-44C9-B0A0-C4FFF74AE441}.Debug|iPhone.ActiveCfg = Debug|iPhone
		{B9144220-0AEF-44C9-B0A0-C4FFF74AE441}.Debug|iPhone.Build.0 = Debug|iPhone
		{46576CC2-AEA8-4A41-89C2-7E035413AA8C}.Debug|Any CPU.ActiveCfg = Debug|Any CPU
		{46576CC2-AEA8-4A41-89C2-7E035413AA8C}.Debug|Any CPU.Build.0 = Debug|Any CPU
		{46576CC2-AEA8-4A41-89C2-7E035413AA8C}.Release|Any CPU.ActiveCfg = Release|Any CPU
		{46576CC2-AEA8-4A41-89C2-7E035413AA8C}.Release|Any CPU.Build.0 = Release|Any CPU
		{46576CC2-AEA8-4A41-89C2-7E035413AA8C}.Debug|iPhoneSimulator.ActiveCfg = Debug|Any CPU
		{46576CC2-AEA8-4A41-89C2-7E035413AA8C}.Debug|iPhoneSimulator.Build.0 = Debug|Any CPU
		{46576CC2-AEA8-4A41-89C2-7E035413AA8C}.Release|iPhone.ActiveCfg = Release|Any CPU
		{46576CC2-AEA8-4A41-89C2-7E035413AA8C}.Release|iPhone.Build.0 = Release|Any CPU
		{46576CC2-AEA8-4A41-89C2-7E035413AA8C}.Release|iPhoneSimulator.ActiveCfg = Release|Any CPU
		{46576CC2-AEA8-4A41-89C2-7E035413AA8C}.Release|iPhoneSimulator.Build.0 = Release|Any CPU
		{46576CC2-AEA8-4A41-89C2-7E035413AA8C}.Debug|iPhone.ActiveCfg = Debug|Any CPU
		{46576CC2-AEA8-4A41-89C2-7E035413AA8C}.Debug|iPhone.Build.0 = Debug|Any CPU
	EndGlobalSection
EndGlobal
